
Microsoft Visual Studio Solution File, Format Version 12.00
# Visual Studio Version 17
VisualStudioVersion = 17.4.33213.308
MinimumVisualStudioVersion = 10.0.40219.1
Project("{FAE04EC0-301F-11D3-BF4B-00C04F79EFBC}") = "GoToMeetingApp", "GoToMeetingApp\GoToMeetingApp.csproj", "{08431585-BF0E-452E-AAF0-29A89BE2ABDC}"
EndProject
Global
	GlobalSection(SolutionConfigurationPlatforms) = preSolution
		Debug|Any CPU = Debug|Any CPU
		Release|Any CPU = Release|Any CPU
	EndGlobalSection
	GlobalSection(ProjectConfigurationPlatforms) = postSolution
		{08431585-BF0E-452E-AAF0-29A89BE2ABDC}.Debug|Any CPU.ActiveCfg = Debug|Any CPU
		{08431585-BF0E-452E-AAF0-29A89BE2ABDC}.Debug|Any CPU.Build.0 = Debug|Any CPU
		{08431585-BF0E-452E-AAF0-29A89BE2ABDC}.Release|Any CPU.ActiveCfg = Release|Any CPU
		{08431585-BF0E-452E-AAF0-29A89BE2ABDC}.Release|Any CPU.Build.0 = Release|Any CPU
	EndGlobalSection
	GlobalSection(SolutionProperties) = preSolution
		HideSolutionNode = FALSE
	EndGlobalSection
	GlobalSection(ExtensibilityGlobals) = postSolution
		SolutionGuid = {4026566B-A33D-4BA2-87AC-D2EAE0481830}
	EndGlobalSection
EndGlobal
